
Microsoft Visual Studio Solution File, Format Version 12.00
# Visual Studio Version 17
VisualStudioVersion = 17.1.32210.238
MinimumVisualStudioVersion = 10.0.40219.1
Project("{9A19103F-16F7-4668-BE54-9A1E7A4F7556}") = "EasyCacheNET", "EasyCacheNET\EasyCacheNET.csproj", "{5E7B04AD-4586-42FE-9953-7856A87A47D1}"
EndProject
Project("{9A19103F-16F7-4668-BE54-9A1E7A4F7556}") = "EasyCacheNET.ConsoleApp", "EasyCacheNET.ConsoleApp\EasyCacheNET.ConsoleApp.csproj", "{D3D72520-5DF6-409C-9723-59DEC0A144AF}"
EndProject
Project("{9A19103F-16F7-4668-BE54-9A1E7A4F7556}") = "EasyCacheNET.Memory", "EasyCacheNET.Memory\EasyCacheNET.Memory.csproj", "{3E7FAF6B-C0A7-4506-B670-B39164BBE981}"
EndProject
Global
	GlobalSection(SolutionConfigurationPlatforms) = preSolution
		Debug|Any CPU = Debug|Any CPU
		Release|Any CPU = Release|Any CPU
	EndGlobalSection
	GlobalSection(ProjectConfigurationPlatforms) = postSolution
		{5E7B04AD-4586-42FE-9953-7856A87A47D1}.Debug|Any CPU.ActiveCfg = Debug|Any CPU
		{5E7B04AD-4586-42FE-9953-7856A87A47D1}.Debug|Any CPU.Build.0 = Debug|Any CPU
		{5E7B04AD-4586-42FE-9953-7856A87A47D1}.Release|Any CPU.ActiveCfg = Release|Any CPU
		{5E7B04AD-4586-42FE-9953-7856A87A47D1}.Release|Any CPU.Build.0 = Release|Any CPU
		{D3D72520-5DF6-409C-9723-59DEC0A144AF}.Debug|Any CPU.ActiveCfg = Debug|Any CPU
		{D3D72520-5DF6-409C-9723-59DEC0A144AF}.Debug|Any CPU.Build.0 = Debug|Any CPU
		{D3D72520-5DF6-409C-9723-59DEC0A144AF}.Release|Any CPU.ActiveCfg = Release|Any CPU
		{D3D72520-5DF6-409C-9723-59DEC0A144AF}.Release|Any CPU.Build.0 = Release|Any CPU
		{3E7FAF6B-C0A7-4506-B670-B39164BBE981}.Debug|Any CPU.ActiveCfg = Debug|Any CPU
		{3E7FAF6B-C0A7-4506-B670-B39164BBE981}.Debug|Any CPU.Build.0 = Debug|Any CPU
		{3E7FAF6B-C0A7-4506-B670-B39164BBE981}.Release|Any CPU.ActiveCfg = Release|Any CPU
		{3E7FAF6B-C0A7-4506-B670-B39164BBE981}.Release|Any CPU.Build.0 = Release|Any CPU
	EndGlobalSection
	GlobalSection(SolutionProperties) = preSolution
		HideSolutionNode = FALSE
	EndGlobalSection
	GlobalSection(ExtensibilityGlobals) = postSolution
		SolutionGuid = {DD234B73-CDCD-4F74-93C3-6AC45D4C4583}
	EndGlobalSection
EndGlobal
